
Microsoft Visual Studio Solution File, Format Version 12.00
# Visual Studio 15
Project("{FAE04EC0-301F-11D3-BF4B-00C04F79EFBC}") = "AngryBirdApp", "AngryBirdApp\AngryBirdApp.csproj", "{5590A5C0-1DA8-4E80-8E48-F85414479877}"
EndProject
Global
	GlobalSection(SolutionConfigurationPlatforms) = preSolution
		Debug|Any CPU = Debug|Any CPU
		Release|Any CPU = Release|Any CPU
	EndGlobalSection
	GlobalSection(ProjectConfigurationPlatforms) = postSolution
		{5590A5C0-1DA8-4E80-8E48-F85414479877}.Debug|Any CPU.ActiveCfg = Debug|Any CPU
		{5590A5C0-1DA8-4E80-8E48-F85414479877}.Debug|Any CPU.Build.0 = Debug|Any CPU
		{5590A5C0-1DA8-4E80-8E48-F85414479877}.Release|Any CPU.ActiveCfg = Release|Any CPU
		{5590A5C0-1DA8-4E80-8E48-F85414479877}.Release|Any CPU.Build.0 = Release|Any CPU
	EndGlobalSection
EndGlobal
